
Microsoft Visual Studio Solution File, Format Version 12.00
# Visual Studio Version 17
VisualStudioVersion = 17.14.36623.8 d17.14
MinimumVisualStudioVersion = 10.0.40219.1
Project("{FAE04EC0-301F-11D3-BF4B-00C04F79EFBC}") = "LowLevelDesign", "LowLevelDesign\LowLevelDesign.csproj", "{C165B9C5-E812-4991-AA3C-D467E3B40D4F}"
EndProject
Global
	GlobalSection(SolutionConfigurationPlatforms) = preSolution
		Debug|Any CPU = Debug|Any CPU
		Release|Any CPU = Release|Any CPU
	EndGlobalSection
	GlobalSection(ProjectConfigurationPlatforms) = postSolution
		{C165B9C5-E812-4991-AA3C-D467E3B40D4F}.Debug|Any CPU.ActiveCfg = Debug|Any CPU
		{C165B9C5-E812-4991-AA3C-D467E3B40D4F}.Debug|Any CPU.Build.0 = Debug|Any CPU
		{C165B9C5-E812-4991-AA3C-D467E3B40D4F}.Release|Any CPU.ActiveCfg = Release|Any CPU
		{C165B9C5-E812-4991-AA3C-D467E3B40D4F}.Release|Any CPU.Build.0 = Release|Any CPU
	EndGlobalSection
	GlobalSection(SolutionProperties) = preSolution
		HideSolutionNode = FALSE
	EndGlobalSection
	GlobalSection(ExtensibilityGlobals) = postSolution
		SolutionGuid = {CC622EE2-5EB3-45E4-B08D-4747C1A7CDAF}
	EndGlobalSection
EndGlobal
